// !$*UTF8*$!
{
	archiveVersion = 1;
	classes = {
	};
	objectVersion = 46;
	objects = {

/* Begin PBXBuildFile section */
		B817109A1DFF7ECB008A6CF4 /* SummaryViewController.swift in Sources */ = {isa = PBXBuildFile; fileRef = B81710991DFF7ECB008A6CF4 /* SummaryViewController.swift */; };
		B817109C1DFF930A008A6CF4 /* HistoryListTableViewController.swift in Sources */ = {isa = PBXBuildFile; fileRef = B817109B1DFF930A008A6CF4 /* HistoryListTableViewController.swift */; };
		B817109E1DFFAB11008A6CF4 /* PeopleTaskDisplayTableViewController.swift in Sources */ = {isa = PBXBuildFile; fileRef = B817109D1DFFAB11008A6CF4 /* PeopleTaskDisplayTableViewController.swift */; };
		B8700C001DF768BD001027DB /* People.swift in Sources */ = {isa = PBXBuildFile; fileRef = B8700BFC1DF768BD001027DB /* People.swift */; };
		B8700C021DF768BD001027DB /* Task.swift in Sources */ = {isa = PBXBuildFile; fileRef = B8700BFE1DF768BD001027DB /* Task.swift */; };
		B8700C041DF76949001027DB /* TaskEditViewController.swift in Sources */ = {isa = PBXBuildFile; fileRef = B8700C031DF76949001027DB /* TaskEditViewController.swift */; };
		B8700C061DF88D08001027DB /* RelationSelectTableViewController.swift in Sources */ = {isa = PBXBuildFile; fileRef = B8700C051DF88D08001027DB /* RelationSelectTableViewController.swift */; };
		B8700C081DF8BA70001027DB /* RelationItem.swift in Sources */ = {isa = PBXBuildFile; fileRef = B8700C071DF8BA70001027DB /* RelationItem.swift */; };
		B8700C0C1DF8C8D3001027DB /* DataChangeDelegate.swift in Sources */ = {isa = PBXBuildFile; fileRef = B8700C0B1DF8C8D3001027DB /* DataChangeDelegate.swift */; };
		B8700C101DFA1478001027DB /* People+CoreDataProperties.swift in Sources */ = {isa = PBXBuildFile; fileRef = B8700C0E1DFA1478001027DB /* People+CoreDataProperties.swift */; };
		B8700C111DFA1478001027DB /* Task+CoreDataProperties.swift in Sources */ = {isa = PBXBuildFile; fileRef = B8700C0F1DFA1478001027DB /* Task+CoreDataProperties.swift */; };
		B8700C131DFB3976001027DB /* TaskDataChangeDelegate.swift in Sources */ = {isa = PBXBuildFile; fileRef = B8700C121DFB3976001027DB /* TaskDataChangeDelegate.swift */; };
		B8700C171DFC2C89001027DB /* TaskListTableViewController.swift in Sources */ = {isa = PBXBuildFile; fileRef = B8700C161DFC2C89001027DB /* TaskListTableViewController.swift */; };
		B8700C191DFC392A001027DB /* ListTableViewCell.swift in Sources */ = {isa = PBXBuildFile; fileRef = B8700C181DFC392A001027DB /* ListTableViewCell.swift */; };
		B8700C1C1DFDAB34001027DB /* SelectionDoneCancelViewController.swift in Sources */ = {isa = PBXBuildFile; fileRef = B8700C1B1DFDAB34001027DB /* SelectionDoneCancelViewController.swift */; };
		B8700C1E1DFDAC64001027DB /* TagSelectionViewController.swift in Sources */ = {isa = PBXBuildFile; fileRef = B8700C1D1DFDAC64001027DB /* TagSelectionViewController.swift */; };
		B8700C201DFDC2B7001027DB /* StatusSelectionViewController.swift in Sources */ = {isa = PBXBuildFile; fileRef = B8700C1F1DFDC2B7001027DB /* StatusSelectionViewController.swift */; };
		B8700C221DFDF4A4001027DB /* PeopleSelectionViewController.swift in Sources */ = {isa = PBXBuildFile; fileRef = B8700C211DFDF4A4001027DB /* PeopleSelectionViewController.swift */; };
		B8700C241DFE09C9001027DB /* endSelectionViewController.swift in Sources */ = {isa = PBXBuildFile; fileRef = B8700C231DFE09C9001027DB /* endSelectionViewController.swift */; };
		B88B25841DF612730045077C /* PeopleTableViewController.swift in Sources */ = {isa = PBXBuildFile; fileRef = B88B25831DF612730045077C /* PeopleTableViewController.swift */; };
		B88B25861DF612A70045077C /* PeopleEditViewController.swift in Sources */ = {isa = PBXBuildFile; fileRef = B88B25851DF612A70045077C /* PeopleEditViewController.swift */; };
		B89F59751DA6DB44007324D7 /* AppDelegate.swift in Sources */ = {isa = PBXBuildFile; fileRef = B89F59741DA6DB44007324D7 /* AppDelegate.swift */; };
		B89F597A1DA6DB44007324D7 /* Main.storyboard in Resources */ = {isa = PBXBuildFile; fileRef = B89F59781DA6DB44007324D7 /* Main.storyboard */; };
		B89F597D1DA6DB44007324D7 /* ToDo.xcdatamodeld in Sources */ = {isa = PBXBuildFile; fileRef = B89F597B1DA6DB44007324D7 /* ToDo.xcdatamodeld */; };
		B89F597F1DA6DB44007324D7 /* Assets.xcassets in Resources */ = {isa = PBXBuildFile; fileRef = B89F597E1DA6DB44007324D7 /* Assets.xcassets */; };
		B89F59821DA6DB44007324D7 /* LaunchScreen.storyboard in Resources */ = {isa = PBXBuildFile; fileRef = B89F59801DA6DB44007324D7 /* LaunchScreen.storyboard */; };
/* End PBXBuildFile section */

/* Begin PBXFileReference section */
		B81710991DFF7ECB008A6CF4 /* SummaryViewController.swift */ = {isa = PBXFileReference; fileEncoding = 4; lastKnownFileType = sourcecode.swift; path = SummaryViewController.swift; sourceTree = "<group>"; };
		B817109B1DFF930A008A6CF4 /* HistoryListTableViewController.swift */ = {isa = PBXFileReference; fileEncoding = 4; lastKnownFileType = sourcecode.swift; path = HistoryListTableViewController.swift; sourceTree = "<group>"; };
		B817109D1DFFAB11008A6CF4 /* PeopleTaskDisplayTableViewController.swift */ = {isa = PBXFileReference; fileEncoding = 4; lastKnownFileType = sourcecode.swift; path = PeopleTaskDisplayTableViewController.swift; sourceTree = "<group>"; };
		B8700BF31DF760C9001027DB /* ToDo People 2.xcdatamodel */ = {isa = PBXFileReference; lastKnownFileType = wrapper.xcdatamodel; path = "ToDo People 2.xcdatamodel"; sourceTree = "<group>"; };
		B8700BFA1DF768AD001027DB /* ToDo 1.1.xcdatamodel */ = {isa = PBXFileReference; lastKnownFileType = wrapper.xcdatamodel; path = "ToDo 1.1.xcdatamodel"; sourceTree = "<group>"; };
		B8700BFC1DF768BD001027DB /* People.swift */ = {isa = PBXFileReference; fileEncoding = 4; lastKnownFileType = sourcecode.swift; name = People.swift; path = ../People.swift; sourceTree = "<group>"; };
		B8700BFE1DF768BD001027DB /* Task.swift */ = {isa = PBXFileReference; fileEncoding = 4; lastKnownFileType = sourcecode.swift; name = Task.swift; path = ../Task.swift; sourceTree = "<group>"; };
		B8700C031DF76949001027DB /* TaskEditViewController.swift */ = {isa = PBXFileReference; fileEncoding = 4; lastKnownFileType = sourcecode.swift; path = TaskEditViewController.swift; sourceTree = "<group>"; };
		B8700C051DF88D08001027DB /* RelationSelectTableViewController.swift */ = {isa = PBXFileReference; fileEncoding = 4; lastKnownFileType = sourcecode.swift; path = RelationSelectTableViewController.swift; sourceTree = "<group>"; };
		B8700C071DF8BA70001027DB /* RelationItem.swift */ = {isa = PBXFileReference; fileEncoding = 4; lastKnownFileType = sourcecode.swift; path = RelationItem.swift; sourceTree = "<group>"; };
		B8700C0B1DF8C8D3001027DB /* DataChangeDelegate.swift */ = {isa = PBXFileReference; fileEncoding = 4; lastKnownFileType = sourcecode.swift; path = DataChangeDelegate.swift; sourceTree = "<group>"; };
		B8700C0D1DFA1468001027DB /* ToDo 1. 2.xcdatamodel */ = {isa = PBXFileReference; lastKnownFileType = wrapper.xcdatamodel; path = "ToDo 1. 2.xcdatamodel"; sourceTree = "<group>"; };
		B8700C0E1DFA1478001027DB /* People+CoreDataProperties.swift */ = {isa = PBXFileReference; fileEncoding = 4; lastKnownFileType = sourcecode.swift; name = "People+CoreDataProperties.swift"; path = "../People+CoreDataProperties.swift"; sourceTree = "<group>"; };
		B8700C0F1DFA1478001027DB /* Task+CoreDataProperties.swift */ = {isa = PBXFileReference; fileEncoding = 4; lastKnownFileType = sourcecode.swift; name = "Task+CoreDataProperties.swift"; path = "../Task+CoreDataProperties.swift"; sourceTree = "<group>"; };
		B8700C121DFB3976001027DB /* TaskDataChangeDelegate.swift */ = {isa = PBXFileReference; fileEncoding = 4; lastKnownFileType = sourcecode.swift; path = TaskDataChangeDelegate.swift; sourceTree = "<group>"; };
		B8700C161DFC2C89001027DB /* TaskListTableViewController.swift */ = {isa = PBXFileReference; fileEncoding = 4; lastKnownFileType = sourcecode.swift; path = TaskListTableViewController.swift; sourceTree = "<group>"; };
		B8700C181DFC392A001027DB /* ListTableViewCell.swift */ = {isa = PBXFileReference; fileEncoding = 4; lastKnownFileType = sourcecode.swift; path = ListTableViewCell.swift; sourceTree = "<group>"; };
		B8700C1B1DFDAB34001027DB /* SelectionDoneCancelViewController.swift */ = {isa = PBXFileReference; fileEncoding = 4; lastKnownFileType = sourcecode.swift; path = SelectionDoneCancelViewController.swift; sourceTree = "<group>"; };
		B8700C1D1DFDAC64001027DB /* TagSelectionViewController.swift */ = {isa = PBXFileReference; fileEncoding = 4; lastKnownFileType = sourcecode.swift; path = TagSelectionViewController.swift; sourceTree = "<group>"; };
		B8700C1F1DFDC2B7001027DB /* StatusSelectionViewController.swift */ = {isa = PBXFileReference; fileEncoding = 4; lastKnownFileType = sourcecode.swift; path = StatusSelectionViewController.swift; sourceTree = "<group>"; };
		B8700C211DFDF4A4001027DB /* PeopleSelectionViewController.swift */ = {isa = PBXFileReference; fileEncoding = 4; lastKnownFileType = sourcecode.swift; path = PeopleSelectionViewController.swift; sourceTree = "<group>"; };
		B8700C231DFE09C9001027DB /* endSelectionViewController.swift */ = {isa = PBXFileReference; fileEncoding = 4; lastKnownFileType = sourcecode.swift; path = endSelectionViewController.swift; sourceTree = "<group>"; };
		B88B25831DF612730045077C /* PeopleTableViewController.swift */ = {isa = PBXFileReference; fileEncoding = 4; lastKnownFileType = sourcecode.swift; name = PeopleTableViewController.swift; path = ../PeopleTableViewController.swift; sourceTree = "<group>"; };
		B88B25851DF612A70045077C /* PeopleEditViewController.swift */ = {isa = PBXFileReference; fileEncoding = 4; lastKnownFileType = sourcecode.swift; path = PeopleEditViewController.swift; sourceTree = "<group>"; };
		B89F59711DA6DB44007324D7 /* ToDo.app */ = {isa = PBXFileReference; explicitFileType = wrapper.application; includeInIndex = 0; path = ToDo.app; sourceTree = BUILT_PRODUCTS_DIR; };
		B89F59741DA6DB44007324D7 /* AppDelegate.swift */ = {isa = PBXFileReference; lastKnownFileType = sourcecode.swift; path = AppDelegate.swift; sourceTree = "<group>"; };
		B89F59791DA6DB44007324D7 /* Base */ = {isa = PBXFileReference; lastKnownFileType = file.storyboard; name = Base; path = Base.lproj/Main.storyboard; sourceTree = "<group>"; };
		B89F597C1DA6DB44007324D7 /* ToDo.xcdatamodel */ = {isa = PBXFileReference; lastKnownFileType = wrapper.xcdatamodel; path = ToDo.xcdatamodel; sourceTree = "<group>"; };
		B89F597E1DA6DB44007324D7 /* Assets.xcassets */ = {isa = PBXFileReference; lastKnownFileType = folder.assetcatalog; path = Assets.xcassets; sourceTree = "<group>"; };
		B89F59811DA6DB44007324D7 /* Base */ = {isa = PBXFileReference; lastKnownFileType = file.storyboard; name = Base; path = Base.lproj/LaunchScreen.storyboard; sourceTree = "<group>"; };
		B89F59831DA6DB44007324D7 /* Info.plist */ = {isa = PBXFileReference; lastKnownFileType = text.plist.xml; path = Info.plist; sourceTree = "<group>"; };
/* End PBXFileReference section */

/* Begin PBXFrameworksBuildPhase section */
		B89F596E1DA6DB44007324D7 /* Frameworks */ = {
			isa = PBXFrameworksBuildPhase;
			buildActionMask = 2147483647;
			files = (
			);
			runOnlyForDeploymentPostprocessing = 0;
		};
/* End PBXFrameworksBuildPhase section */

/* Begin PBXGroup section */
		B81710981DFF7EB3008A6CF4 /* summary */ = {
			isa = PBXGroup;
			children = (
				B81710991DFF7ECB008A6CF4 /* SummaryViewController.swift */,
			);
			name = summary;
			sourceTree = "<group>";
		};
		B8700C1A1DFDAB0D001027DB /* DelegateList */ = {
			isa = PBXGroup;
			children = (
				B8700C1B1DFDAB34001027DB /* SelectionDoneCancelViewController.swift */,
				B8700C1D1DFDAC64001027DB /* TagSelectionViewController.swift */,
				B8700C1F1DFDC2B7001027DB /* StatusSelectionViewController.swift */,
				B8700C211DFDF4A4001027DB /* PeopleSelectionViewController.swift */,
				B8700C231DFE09C9001027DB /* endSelectionViewController.swift */,
			);
			name = DelegateList;
			sourceTree = "<group>";
		};
		B88B25771DF60D7D0045077C /* Data */ = {
			isa = PBXGroup;
			children = (
				B89F597B1DA6DB44007324D7 /* ToDo.xcdatamodeld */,
				B8700C0E1DFA1478001027DB /* People+CoreDataProperties.swift */,
				B8700C0F1DFA1478001027DB /* Task+CoreDataProperties.swift */,
				B8700BFC1DF768BD001027DB /* People.swift */,
				B8700BFE1DF768BD001027DB /* Task.swift */,
			);
			name = Data;
			sourceTree = "<group>";
		};
		B88B25781DF60D910045077C /* NewTask */ = {
			isa = PBXGroup;
			children = (
				B8700C1A1DFDAB0D001027DB /* DelegateList */,
				B8700C031DF76949001027DB /* TaskEditViewController.swift */,
				B8700C121DFB3976001027DB /* TaskDataChangeDelegate.swift */,
			);
			name = NewTask;
			sourceTree = "<group>";
		};
		B88B25791DF60DA10045077C /* NewAssignee */ = {
			isa = PBXGroup;
			children = (
				B8700C0B1DF8C8D3001027DB /* DataChangeDelegate.swift */,
				B88B25831DF612730045077C /* PeopleTableViewController.swift */,
				B88B25851DF612A70045077C /* PeopleEditViewController.swift */,
				B8700C051DF88D08001027DB /* RelationSelectTableViewController.swift */,
				B8700C071DF8BA70001027DB /* RelationItem.swift */,
			);
			name = NewAssignee;
			sourceTree = "<group>";
		};
		B88B257A1DF60DEB0045077C /* ListView */ = {
			isa = PBXGroup;
			children = (
				B88B257D1DF60E0C0045077C /* History */,
				B88B257C1DF60E020045077C /* People */,
				B88B257B1DF60DF80045077C /* List */,
			);
			name = ListView;
			sourceTree = "<group>";
		};
		B88B257B1DF60DF80045077C /* List */ = {
			isa = PBXGroup;
			children = (
				B8700C161DFC2C89001027DB /* TaskListTableViewController.swift */,
				B8700C181DFC392A001027DB /* ListTableViewCell.swift */,
			);
			name = List;
			sourceTree = "<group>";
		};
		B88B257C1DF60E020045077C /* People */ = {
			isa = PBXGroup;
			children = (
				B817109D1DFFAB11008A6CF4 /* PeopleTaskDisplayTableViewController.swift */,
			);
			name = People;
			sourceTree = "<group>";
		};
		B88B257D1DF60E0C0045077C /* History */ = {
			isa = PBXGroup;
			children = (
				B817109B1DFF930A008A6CF4 /* HistoryListTableViewController.swift */,
			);
			name = History;
			sourceTree = "<group>";
		};
		B88B257E1DF60F1F0045077C /* Other */ = {
			isa = PBXGroup;
			children = (
				B89F597E1DA6DB44007324D7 /* Assets.xcassets */,
				B89F59741DA6DB44007324D7 /* AppDelegate.swift */,
				B89F59801DA6DB44007324D7 /* LaunchScreen.storyboard */,
				B89F59831DA6DB44007324D7 /* Info.plist */,
			);
			name = Other;
			sourceTree = "<group>";
		};
		B89F59681DA6DB44007324D7 = {
			isa = PBXGroup;
			children = (
				B89F59731DA6DB44007324D7 /* ToDo */,
				B89F59721DA6DB44007324D7 /* Products */,
			);
			sourceTree = "<group>";
		};
		B89F59721DA6DB44007324D7 /* Products */ = {
			isa = PBXGroup;
			children = (
				B89F59711DA6DB44007324D7 /* ToDo.app */,
			);
			name = Products;
			sourceTree = "<group>";
		};
		B89F59731DA6DB44007324D7 /* ToDo */ = {
			isa = PBXGroup;
			children = (
				B81710981DFF7EB3008A6CF4 /* summary */,
				B88B257E1DF60F1F0045077C /* Other */,
				B88B257A1DF60DEB0045077C /* ListView */,
				B88B25791DF60DA10045077C /* NewAssignee */,
				B88B25781DF60D910045077C /* NewTask */,
				B88B25771DF60D7D0045077C /* Data */,
				B89F59781DA6DB44007324D7 /* Main.storyboard */,
			);
			path = ToDo;
			sourceTree = "<group>";
		};
/* End PBXGroup section */

/* Begin PBXNativeTarget section */
		B89F59701DA6DB44007324D7 /* ToDo */ = {
			isa = PBXNativeTarget;
			buildConfigurationList = B89F59861DA6DB44007324D7 /* Build configuration list for PBXNativeTarget "ToDo" */;
			buildPhases = (
				B89F596D1DA6DB44007324D7 /* Sources */,
				B89F596E1DA6DB44007324D7 /* Frameworks */,
				B89F596F1DA6DB44007324D7 /* Resources */,
			);
			buildRules = (
			);
			dependencies = (
			);
			name = ToDo;
			productName = ToDo;
			productReference = B89F59711DA6DB44007324D7 /* ToDo.app */;
			productType = "com.apple.product-type.application";
		};
/* End PBXNativeTarget section */

/* Begin PBXProject section */
		B89F59691DA6DB44007324D7 /* Project object */ = {
			isa = PBXProject;
			attributes = {
				LastSwiftUpdateCheck = 0730;
				LastUpgradeCheck = 0730;
				ORGANIZATIONNAME = Lenny;
				TargetAttributes = {
					B89F59701DA6DB44007324D7 = {
						CreatedOnToolsVersion = 7.3.1;
						DevelopmentTeam = X2C9B4886S;
						LastSwiftMigration = 0820;
					};
				};
			};
			buildConfigurationList = B89F596C1DA6DB44007324D7 /* Build configuration list for PBXProject "ToDo" */;
			compatibilityVersion = "Xcode 3.2";
			developmentRegion = English;
			hasScannedForEncodings = 0;
			knownRegions = (
				en,
				Base,
			);
			mainGroup = B89F59681DA6DB44007324D7;
			productRefGroup = B89F59721DA6DB44007324D7 /* Products */;
			projectDirPath = "";
			projectRoot = "";
			targets = (
				B89F59701DA6DB44007324D7 /* ToDo */,
			);
		};
/* End PBXProject section */

/* Begin PBXResourcesBuildPhase section */
		B89F596F1DA6DB44007324D7 /* Resources */ = {
			isa = PBXResourcesBuildPhase;
			buildActionMask = 2147483647;
			files = (
				B89F59821DA6DB44007324D7 /* LaunchScreen.storyboard in Resources */,
				B89F597F1DA6DB44007324D7 /* Assets.xcassets in Resources */,
				B89F597A1DA6DB44007324D7 /* Main.storyboard in Resources */,
			);
			runOnlyForDeploymentPostprocessing = 0;
		};
/* End PBXResourcesBuildPhase section */

/* Begin PBXSourcesBuildPhase section */
		B89F596D1DA6DB44007324D7 /* Sources */ = {
			isa = PBXSourcesBuildPhase;
			buildActionMask = 2147483647;
			files = (
				B8700C041DF76949001027DB /* TaskEditViewController.swift in Sources */,
				B8700C0C1DF8C8D3001027DB /* DataChangeDelegate.swift in Sources */,
				B8700C021DF768BD001027DB /* Task.swift in Sources */,
				B8700C1C1DFDAB34001027DB /* SelectionDoneCancelViewController.swift in Sources */,
				B8700C111DFA1478001027DB /* Task+CoreDataProperties.swift in Sources */,
				B817109A1DFF7ECB008A6CF4 /* SummaryViewController.swift in Sources */,
				B817109C1DFF930A008A6CF4 /* HistoryListTableViewController.swift in Sources */,
				B8700C221DFDF4A4001027DB /* PeopleSelectionViewController.swift in Sources */,
				B8700C241DFE09C9001027DB /* endSelectionViewController.swift in Sources */,
				B89F597D1DA6DB44007324D7 /* ToDo.xcdatamodeld in Sources */,
				B89F59751DA6DB44007324D7 /* AppDelegate.swift in Sources */,
				B8700C001DF768BD001027DB /* People.swift in Sources */,
				B8700C131DFB3976001027DB /* TaskDataChangeDelegate.swift in Sources */,
				B8700C061DF88D08001027DB /* RelationSelectTableViewController.swift in Sources */,
				B817109E1DFFAB11008A6CF4 /* PeopleTaskDisplayTableViewController.swift in Sources */,
				B8700C101DFA1478001027DB /* People+CoreDataProperties.swift in Sources */,
				B8700C081DF8BA70001027DB /* RelationItem.swift in Sources */,
				B88B25841DF612730045077C /* PeopleTableViewController.swift in Sources */,
				B8700C201DFDC2B7001027DB /* StatusSelectionViewController.swift in Sources */,
				B8700C171DFC2C89001027DB /* TaskListTableViewController.swift in Sources */,
				B88B25861DF612A70045077C /* PeopleEditViewController.swift in Sources */,
				B8700C191DFC392A001027DB /* ListTableViewCell.swift in Sources */,
				B8700C1E1DFDAC64001027DB /* TagSelectionViewController.swift in Sources */,
			);
			runOnlyForDeploymentPostprocessing = 0;
		};
/* End PBXSourcesBuildPhase section */

/* Begin PBXVariantGroup section */
		B89F59781DA6DB44007324D7 /* Main.storyboard */ = {
			isa = PBXVariantGroup;
			children = (
				B89F59791DA6DB44007324D7 /* Base */,
			);
			name = Main.storyboard;
			sourceTree = "<group>";
		};
		B89F59801DA6DB44007324D7 /* LaunchScreen.storyboard */ = {
			isa = PBXVariantGroup;
			children = (
				B89F59811DA6DB44007324D7 /* Base */,
			);
			name = LaunchScreen.storyboard;
			sourceTree = "<group>";
		};
/* End PBXVariantGroup section */

/* Begin XCBuildConfiguration section */
		B89F59841DA6DB44007324D7 /* Debug */ = {
			isa = XCBuildConfiguration;
			buildSettings = {
				ALWAYS_SEARCH_USER_PATHS = NO;
				CLANG_ANALYZER_NONNULL = YES;
				CLANG_CXX_LANGUAGE_STANDARD = "gnu++0x";
				CLANG_CXX_LIBRARY = "libc++";
				CLANG_ENABLE_MODULES = YES;
				CLANG_ENABLE_OBJC_ARC = YES;
				CLANG_WARN_BOOL_CONVERSION = YES;
				CLANG_WARN_CONSTANT_CONVERSION = YES;
				CLANG_WARN_DIRECT_OBJC_ISA_USAGE = YES_ERROR;
				CLANG_WARN_EMPTY_BODY = YES;
				CLANG_WARN_ENUM_CONVERSION = YES;
				CLANG_WARN_INT_CONVERSION = YES;
				CLANG_WARN_OBJC_ROOT_CLASS = YES_ERROR;
				CLANG_WARN_UNREACHABLE_CODE = YES;
				CLANG_WARN__DUPLICATE_METHOD_MATCH = YES;
				"CODE_SIGN_IDENTITY[sdk=iphoneos*]" = "iPhone Developer";
				COPY_PHASE_STRIP = NO;
				DEBUG_INFORMATION_FORMAT = dwarf;
				ENABLE_STRICT_OBJC_MSGSEND = YES;
				ENABLE_TESTABILITY = YES;
				GCC_C_LANGUAGE_STANDARD = gnu99;
				GCC_DYNAMIC_NO_PIC = NO;
				GCC_NO_COMMON_BLOCKS = YES;
				GCC_OPTIMIZATION_LEVEL = 0;
				GCC_PREPROCESSOR_DEFINITIONS = (
					"DEBUG=1",
					"$(inherited)",
				);
				GCC_WARN_64_TO_32_BIT_CONVERSION = YES;
				GCC_WARN_ABOUT_RETURN_TYPE = YES_ERROR;
				GCC_WARN_UNDECLARED_SELECTOR = YES;
				GCC_WARN_UNINITIALIZED_AUTOS = YES_AGGRESSIVE;
				GCC_WARN_UNUSED_FUNCTION = YES;
				GCC_WARN_UNUSED_VARIABLE = YES;
				IPHONEOS_DEPLOYMENT_TARGET = 9.3;
				MTL_ENABLE_DEBUG_INFO = YES;
				ONLY_ACTIVE_ARCH = YES;
				SDKROOT = iphoneos;
				SWIFT_OPTIMIZATION_LEVEL = "-Onone";
			};
			name = Debug;
		};
		B89F59851DA6DB44007324D7 /* Release */ = {
			isa = XCBuildConfiguration;
			buildSettings = {
				ALWAYS_SEARCH_USER_PATHS = NO;
				CLANG_ANALYZER_NONNULL = YES;
				CLANG_CXX_LANGUAGE_STANDARD = "gnu++0x";
				CLANG_CXX_LIBRARY = "libc++";
				CLANG_ENABLE_MODULES = YES;
				CLANG_ENABLE_OBJC_ARC = YES;
				CLANG_WARN_BOOL_CONVERSION = YES;
				CLANG_WARN_CONSTANT_CONVERSION = YES;
				CLANG_WARN_DIRECT_OBJC_ISA_USAGE = YES_ERROR;
				CLANG_WARN_EMPTY_BODY = YES;
				CLANG_WARN_ENUM_CONVERSION = YES;
				CLANG_WARN_INT_CONVERSION = YES;
				CLANG_WARN_OBJC_ROOT_CLASS = YES_ERROR;
				CLANG_WARN_UNREACHABLE_CODE = YES;
				CLANG_WARN__DUPLICATE_METHOD_MATCH = YES;
				"CODE_SIGN_IDENTITY[sdk=iphoneos*]" = "iPhone Developer";
				COPY_PHASE_STRIP = NO;
				DEBUG_INFORMATION_FORMAT = "dwarf-with-dsym";
				ENABLE_NS_ASSERTIONS = NO;
				ENABLE_STRICT_OBJC_MSGSEND = YES;
				GCC_C_LANGUAGE_STANDARD = gnu99;
				GCC_NO_COMMON_BLOCKS = YES;
				GCC_WARN_64_TO_32_BIT_CONVERSION = YES;
				GCC_WARN_ABOUT_RETURN_TYPE = YES_ERROR;
				GCC_WARN_UNDECLARED_SELECTOR = YES;
				GCC_WARN_UNINITIALIZED_AUTOS = YES_AGGRESSIVE;
				GCC_WARN_UNUSED_FUNCTION = YES;
				GCC_WARN_UNUSED_VARIABLE = YES;
				IPHONEOS_DEPLOYMENT_TARGET = 9.3;
				MTL_ENABLE_DEBUG_INFO = NO;
				SDKROOT = iphoneos;
				VALIDATE_PRODUCT = YES;
			};
			name = Release;
		};
		B89F59871DA6DB44007324D7 /* Debug */ = {
			isa = XCBuildConfiguration;
			buildSettings = {
				ASSETCATALOG_COMPILER_APPICON_NAME = AppIcon;
				DEVELOPMENT_TEAM = X2C9B4886S;
				INFOPLIST_FILE = ToDo/Info.plist;
				LD_RUNPATH_SEARCH_PATHS = "$(inherited) @executable_path/Frameworks";
				PRODUCT_BUNDLE_IDENTIFIER = uk.ac.aber.hod8.ToDo;
				PRODUCT_NAME = "$(TARGET_NAME)";
				SWIFT_VERSION = 3.0;
			};
			name = Debug;
		};
		B89F59881DA6DB44007324D7 /* Release */ = {
			isa = XCBuildConfiguration;
			buildSettings = {
				ASSETCATALOG_COMPILER_APPICON_NAME = AppIcon;
				DEVELOPMENT_TEAM = X2C9B4886S;
				INFOPLIST_FILE = ToDo/Info.plist;
				LD_RUNPATH_SEARCH_PATHS = "$(inherited) @executable_path/Frameworks";
				PRODUCT_BUNDLE_IDENTIFIER = uk.ac.aber.hod8.ToDo;
				PRODUCT_NAME = "$(TARGET_NAME)";
				SWIFT_VERSION = 3.0;
			};
			name = Release;
		};
/* End XCBuildConfiguration section */

/* Begin XCConfigurationList section */
		B89F596C1DA6DB44007324D7 /* Build configuration list for PBXProject "ToDo" */ = {
			isa = XCConfigurationList;
			buildConfigurations = (
				B89F59841DA6DB44007324D7 /* Debug */,
				B89F59851DA6DB44007324D7 /* Release */,
			);
			defaultConfigurationIsVisible = 0;
			defaultConfigurationName = Release;
		};
		B89F59861DA6DB44007324D7 /* Build configuration list for PBXNativeTarget "ToDo" */ = {
			isa = XCConfigurationList;
			buildConfigurations = (
				B89F59871DA6DB44007324D7 /* Debug */,
				B89F59881DA6DB44007324D7 /* Release */,
			);
			defaultConfigurationIsVisible = 0;
			defaultConfigurationName = Release;
		};
/* End XCConfigurationList section */

/* Begin XCVersionGroup section */
		B89F597B1DA6DB44007324D7 /* ToDo.xcdatamodeld */ = {
			isa = XCVersionGroup;
			children = (
				B8700C0D1DFA1468001027DB /* ToDo 1. 2.xcdatamodel */,
				B8700BFA1DF768AD001027DB /* ToDo 1.1.xcdatamodel */,
				B8700BF31DF760C9001027DB /* ToDo People 2.xcdatamodel */,
				B89F597C1DA6DB44007324D7 /* ToDo.xcdatamodel */,
			);
			currentVersion = B8700C0D1DFA1468001027DB /* ToDo 1. 2.xcdatamodel */;
			path = ToDo.xcdatamodeld;
			sourceTree = "<group>";
			versionGroupType = wrapper.xcdatamodel;
		};
/* End XCVersionGroup section */
	};
	rootObject = B89F59691DA6DB44007324D7 /* Project object */;
}
